
Microsoft Visual Studio Solution File, Format Version 12.00
# Visual Studio Version 17
VisualStudioVersion = 17.0.31903.59
MinimumVisualStudioVersion = 10.0.40219.1
Project("{FAE04EC0-301F-11D3-BF4B-00C04F79EFBC}") = "HoleriteSign.Api", "HoleriteSign.Api\HoleriteSign.Api.csproj", "{93D3A4D4-AF9E-41AF-B502-826856B9B9F8}"
EndProject
Project("{FAE04EC0-301F-11D3-BF4B-00C04F79EFBC}") = "HoleriteSign.Core", "HoleriteSign.Core\HoleriteSign.Core.csproj", "{21A29C9C-9813-4FF1-B012-7EC8C9F8BD90}"
EndProject
Project("{FAE04EC0-301F-11D3-BF4B-00C04F79EFBC}") = "HoleriteSign.Infrastructure", "HoleriteSign.Infrastructure\HoleriteSign.Infrastructure.csproj", "{44DBFC77-8D12-4510-A90A-9452ADCB6890}"
EndProject
Project("{FAE04EC0-301F-11D3-BF4B-00C04F79EFBC}") = "HoleriteSign.Tests", "HoleriteSign.Tests\HoleriteSign.Tests.csproj", "{E6EB4718-7816-476E-BF17-511204BEE699}"
EndProject
Global
	GlobalSection(SolutionConfigurationPlatforms) = preSolution
		Debug|Any CPU = Debug|Any CPU
		Release|Any CPU = Release|Any CPU
	EndGlobalSection
	GlobalSection(SolutionProperties) = preSolution
		HideSolutionNode = FALSE
	EndGlobalSection
	GlobalSection(ProjectConfigurationPlatforms) = postSolution
		{93D3A4D4-AF9E-41AF-B502-826856B9B9F8}.Debug|Any CPU.ActiveCfg = Debug|Any CPU
		{93D3A4D4-AF9E-41AF-B502-826856B9B9F8}.Debug|Any CPU.Build.0 = Debug|Any CPU
		{93D3A4D4-AF9E-41AF-B502-826856B9B9F8}.Release|Any CPU.ActiveCfg = Release|Any CPU
		{93D3A4D4-AF9E-41AF-B502-826856B9B9F8}.Release|Any CPU.Build.0 = Release|Any CPU
		{21A29C9C-9813-4FF1-B012-7EC8C9F8BD90}.Debug|Any CPU.ActiveCfg = Debug|Any CPU
		{21A29C9C-9813-4FF1-B012-7EC8C9F8BD90}.Debug|Any CPU.Build.0 = Debug|Any CPU
		{21A29C9C-9813-4FF1-B012-7EC8C9F8BD90}.Release|Any CPU.ActiveCfg = Release|Any CPU
		{21A29C9C-9813-4FF1-B012-7EC8C9F8BD90}.Release|Any CPU.Build.0 = Release|Any CPU
		{44DBFC77-8D12-4510-A90A-9452ADCB6890}.Debug|Any CPU.ActiveCfg = Debug|Any CPU
		{44DBFC77-8D12-4510-A90A-9452ADCB6890}.Debug|Any CPU.Build.0 = Debug|Any CPU
		{44DBFC77-8D12-4510-A90A-9452ADCB6890}.Release|Any CPU.ActiveCfg = Release|Any CPU
		{44DBFC77-8D12-4510-A90A-9452ADCB6890}.Release|Any CPU.Build.0 = Release|Any CPU
		{E6EB4718-7816-476E-BF17-511204BEE699}.Debug|Any CPU.ActiveCfg = Debug|Any CPU
		{E6EB4718-7816-476E-BF17-511204BEE699}.Debug|Any CPU.Build.0 = Debug|Any CPU
		{E6EB4718-7816-476E-BF17-511204BEE699}.Release|Any CPU.ActiveCfg = Release|Any CPU
		{E6EB4718-7816-476E-BF17-511204BEE699}.Release|Any CPU.Build.0 = Release|Any CPU
	EndGlobalSection
EndGlobal
